
Microsoft Visual Studio Solution File, Format Version 12.00
# Visual Studio Version 16
VisualStudioVersion = 16.0.810.25
MinimumVisualStudioVersion = 10.0.40219.1
Project("{FAE04EC0-301F-11D3-BF4B-00C04F79EFBC}") = "Priject_6", "Priject_6.csproj", "{4875DE5E-8EE0-474D-8099-3095A235AB54}"
EndProject
Global
	GlobalSection(SolutionConfigurationPlatforms) = preSolution
		Debug|anycpu = Debug|anycpu
		Release|anycpu = Release|anycpu
	EndGlobalSection
	GlobalSection(ProjectConfigurationPlatforms) = postSolution
		{4875DE5E-8EE0-474D-8099-3095A235AB54}.Debug|anycpu.ActiveCfg = Debug|anycpu
		{4875DE5E-8EE0-474D-8099-3095A235AB54}.Debug|anycpu.Build.0 = Debug|anycpu
		{4875DE5E-8EE0-474D-8099-3095A235AB54}.Release|anycpu.ActiveCfg = Release|anycpu
		{4875DE5E-8EE0-474D-8099-3095A235AB54}.Release|anycpu.Build.0 = Release|anycpu
	EndGlobalSection
	GlobalSection(SolutionProperties) = preSolution
		HideSolutionNode = FALSE
	EndGlobalSection
	GlobalSection(ExtensibilityGlobals) = postSolution
		SolutionGuid = {961BD3D0-D602-49EF-8D4F-56D0B626522A}
	EndGlobalSection
EndGlobal
