
Microsoft Visual Studio Solution File, Format Version 12.00
# Visual Studio Version 16
VisualStudioVersion = 16.0.810.25
MinimumVisualStudioVersion = 10.0.40219.1
Project("{FAE04EC0-301F-11D3-BF4B-00C04F79EFBC}") = "Project_9", "Project_9\Project_9.csproj", "{1C21FF25-369F-4ADA-93D4-88E6A11C6989}"
EndProject
Global
	GlobalSection(SolutionConfigurationPlatforms) = preSolution
		Debug|anycpu = Debug|anycpu
		Release|anycpu = Release|anycpu
	EndGlobalSection
	GlobalSection(ProjectConfigurationPlatforms) = postSolution
		{1C21FF25-369F-4ADA-93D4-88E6A11C6989}.Debug|anycpu.ActiveCfg = Debug|anycpu
		{1C21FF25-369F-4ADA-93D4-88E6A11C6989}.Debug|anycpu.Build.0 = Debug|anycpu
		{1C21FF25-369F-4ADA-93D4-88E6A11C6989}.Release|anycpu.ActiveCfg = Release|anycpu
		{1C21FF25-369F-4ADA-93D4-88E6A11C6989}.Release|anycpu.Build.0 = Release|anycpu
	EndGlobalSection
	GlobalSection(SolutionProperties) = preSolution
		HideSolutionNode = FALSE
	EndGlobalSection
	GlobalSection(ExtensibilityGlobals) = postSolution
		SolutionGuid = {BB85CF7D-172A-4263-B605-4EA886374113}
	EndGlobalSection
EndGlobal
