
Microsoft Visual Studio Solution File, Format Version 12.00
# Visual Studio Version 16
VisualStudioVersion = 16.0.810.25
MinimumVisualStudioVersion = 10.0.40219.1
Project("{FAE04EC0-301F-11D3-BF4B-00C04F79EFBC}") = "Project_1", "Project_1.csproj", "{4EEFB045-7989-4CB8-9E91-6C68E8B1E6DF}"
EndProject
Global
	GlobalSection(SolutionConfigurationPlatforms) = preSolution
		Debug|anycpu = Debug|anycpu
		Release|anycpu = Release|anycpu
	EndGlobalSection
	GlobalSection(ProjectConfigurationPlatforms) = postSolution
		{4EEFB045-7989-4CB8-9E91-6C68E8B1E6DF}.Debug|anycpu.ActiveCfg = Debug|anycpu
		{4EEFB045-7989-4CB8-9E91-6C68E8B1E6DF}.Debug|anycpu.Build.0 = Debug|anycpu
		{4EEFB045-7989-4CB8-9E91-6C68E8B1E6DF}.Release|anycpu.ActiveCfg = Release|anycpu
		{4EEFB045-7989-4CB8-9E91-6C68E8B1E6DF}.Release|anycpu.Build.0 = Release|anycpu
	EndGlobalSection
	GlobalSection(SolutionProperties) = preSolution
		HideSolutionNode = FALSE
	EndGlobalSection
	GlobalSection(ExtensibilityGlobals) = postSolution
		SolutionGuid = {C56BB113-FD5C-41F6-94BE-F23CEEC96ED6}
	EndGlobalSection
EndGlobal
