
Microsoft Visual Studio Solution File, Format Version 12.00
# Visual Studio Version 16
VisualStudioVersion = 16.0.810.25
MinimumVisualStudioVersion = 10.0.40219.1
Project("{FAE04EC0-301F-11D3-BF4B-00C04F79EFBC}") = "Project_20", "Project_20\Project_20.csproj", "{3259B3F8-22D6-489A-8CCB-BFC8758209B5}"
EndProject
Global
	GlobalSection(SolutionConfigurationPlatforms) = preSolution
		Debug|anycpu = Debug|anycpu
		Release|anycpu = Release|anycpu
	EndGlobalSection
	GlobalSection(ProjectConfigurationPlatforms) = postSolution
		{3259B3F8-22D6-489A-8CCB-BFC8758209B5}.Debug|anycpu.ActiveCfg = Debug|anycpu
		{3259B3F8-22D6-489A-8CCB-BFC8758209B5}.Debug|anycpu.Build.0 = Debug|anycpu
		{3259B3F8-22D6-489A-8CCB-BFC8758209B5}.Release|anycpu.ActiveCfg = Release|anycpu
		{3259B3F8-22D6-489A-8CCB-BFC8758209B5}.Release|anycpu.Build.0 = Release|anycpu
	EndGlobalSection
	GlobalSection(SolutionProperties) = preSolution
		HideSolutionNode = FALSE
	EndGlobalSection
	GlobalSection(ExtensibilityGlobals) = postSolution
		SolutionGuid = {09B50218-02BE-4D88-B88E-BBE33A37D0DB}
	EndGlobalSection
EndGlobal
