
Microsoft Visual Studio Solution File, Format Version 12.00
# Visual Studio Version 16
VisualStudioVersion = 16.0.810.25
MinimumVisualStudioVersion = 10.0.40219.1
Project("{FAE04EC0-301F-11D3-BF4B-00C04F79EFBC}") = "Project_17", "Project_17\Project_17.csproj", "{22D45364-DE73-4884-8C0D-0B7C102325ED}"
EndProject
Global
	GlobalSection(SolutionConfigurationPlatforms) = preSolution
		Debug|anycpu = Debug|anycpu
		Release|anycpu = Release|anycpu
	EndGlobalSection
	GlobalSection(ProjectConfigurationPlatforms) = postSolution
		{22D45364-DE73-4884-8C0D-0B7C102325ED}.Debug|anycpu.ActiveCfg = Debug|anycpu
		{22D45364-DE73-4884-8C0D-0B7C102325ED}.Debug|anycpu.Build.0 = Debug|anycpu
		{22D45364-DE73-4884-8C0D-0B7C102325ED}.Release|anycpu.ActiveCfg = Release|anycpu
		{22D45364-DE73-4884-8C0D-0B7C102325ED}.Release|anycpu.Build.0 = Release|anycpu
	EndGlobalSection
	GlobalSection(SolutionProperties) = preSolution
		HideSolutionNode = FALSE
	EndGlobalSection
	GlobalSection(ExtensibilityGlobals) = postSolution
		SolutionGuid = {D03CDD3D-1338-4345-A671-73DF9127443A}
	EndGlobalSection
EndGlobal
