
Microsoft Visual Studio Solution File, Format Version 12.00
# Visual Studio Version 16
VisualStudioVersion = 16.0.810.19
MinimumVisualStudioVersion = 10.0.40219.1
Project("{FAE04EC0-301F-11D3-BF4B-00C04F79EFBC}") = "Project_5", "Project_5\Project_5.csproj", "{35DE48F8-7644-45A8-B714-0612FC72DCC0}"
EndProject
Global
	GlobalSection(SolutionConfigurationPlatforms) = preSolution
		Debug|Any CPU = Debug|Any CPU
		Release|Any CPU = Release|Any CPU
	EndGlobalSection
	GlobalSection(ProjectConfigurationPlatforms) = postSolution
		{35DE48F8-7644-45A8-B714-0612FC72DCC0}.Debug|Any CPU.ActiveCfg = Debug|Any CPU
		{35DE48F8-7644-45A8-B714-0612FC72DCC0}.Debug|Any CPU.Build.0 = Debug|Any CPU
		{35DE48F8-7644-45A8-B714-0612FC72DCC0}.Release|Any CPU.ActiveCfg = Release|Any CPU
		{35DE48F8-7644-45A8-B714-0612FC72DCC0}.Release|Any CPU.Build.0 = Release|Any CPU
	EndGlobalSection
	GlobalSection(SolutionProperties) = preSolution
		HideSolutionNode = FALSE
	EndGlobalSection
	GlobalSection(ExtensibilityGlobals) = postSolution
		SolutionGuid = {DDF3D255-0C71-4A50-AFD7-FF536626BD2D}
	EndGlobalSection
EndGlobal
