
Microsoft Visual Studio Solution File, Format Version 12.00
# Visual Studio Version 16
VisualStudioVersion = 16.0.810.25
MinimumVisualStudioVersion = 10.0.40219.1
Project("{FAE04EC0-301F-11D3-BF4B-00C04F79EFBC}") = "Project_18", "Project_18\Project_18.csproj", "{6C5077BB-36AB-4C70-9A50-D19F26E7C442}"
EndProject
Global
	GlobalSection(SolutionConfigurationPlatforms) = preSolution
		Debug|anycpu = Debug|anycpu
		Release|anycpu = Release|anycpu
	EndGlobalSection
	GlobalSection(ProjectConfigurationPlatforms) = postSolution
		{6C5077BB-36AB-4C70-9A50-D19F26E7C442}.Debug|anycpu.ActiveCfg = Debug|anycpu
		{6C5077BB-36AB-4C70-9A50-D19F26E7C442}.Debug|anycpu.Build.0 = Debug|anycpu
		{6C5077BB-36AB-4C70-9A50-D19F26E7C442}.Release|anycpu.ActiveCfg = Release|anycpu
		{6C5077BB-36AB-4C70-9A50-D19F26E7C442}.Release|anycpu.Build.0 = Release|anycpu
	EndGlobalSection
	GlobalSection(SolutionProperties) = preSolution
		HideSolutionNode = FALSE
	EndGlobalSection
	GlobalSection(ExtensibilityGlobals) = postSolution
		SolutionGuid = {64D02AB8-8D4A-4AA6-8351-32B5EE75145D}
	EndGlobalSection
EndGlobal
