
Microsoft Visual Studio Solution File, Format Version 12.00
# Visual Studio Version 16
VisualStudioVersion = 16.0.810.25
MinimumVisualStudioVersion = 10.0.40219.1
Project("{FAE04EC0-301F-11D3-BF4B-00C04F79EFBC}") = "Project_3", "Project_3.csproj", "{D4B16242-9A40-42AA-B06C-5504888FEF5E}"
EndProject
Global
	GlobalSection(SolutionConfigurationPlatforms) = preSolution
		Debug|anycpu = Debug|anycpu
		Release|anycpu = Release|anycpu
	EndGlobalSection
	GlobalSection(ProjectConfigurationPlatforms) = postSolution
		{D4B16242-9A40-42AA-B06C-5504888FEF5E}.Debug|anycpu.ActiveCfg = Debug|anycpu
		{D4B16242-9A40-42AA-B06C-5504888FEF5E}.Debug|anycpu.Build.0 = Debug|anycpu
		{D4B16242-9A40-42AA-B06C-5504888FEF5E}.Release|anycpu.ActiveCfg = Release|anycpu
		{D4B16242-9A40-42AA-B06C-5504888FEF5E}.Release|anycpu.Build.0 = Release|anycpu
	EndGlobalSection
	GlobalSection(SolutionProperties) = preSolution
		HideSolutionNode = FALSE
	EndGlobalSection
	GlobalSection(ExtensibilityGlobals) = postSolution
		SolutionGuid = {2E227929-A702-47FD-A1F6-C402ABB06F3A}
	EndGlobalSection
EndGlobal
