
Microsoft Visual Studio Solution File, Format Version 12.00
# Visual Studio Version 16
VisualStudioVersion = 16.0.810.25
MinimumVisualStudioVersion = 10.0.40219.1
Project("{FAE04EC0-301F-11D3-BF4B-00C04F79EFBC}") = "Project_2", "Project_2.csproj", "{DFFF8520-6491-44E8-AF8E-987EB77BA926}"
EndProject
Global
	GlobalSection(SolutionConfigurationPlatforms) = preSolution
		Debug|anycpu = Debug|anycpu
		Release|anycpu = Release|anycpu
	EndGlobalSection
	GlobalSection(ProjectConfigurationPlatforms) = postSolution
		{DFFF8520-6491-44E8-AF8E-987EB77BA926}.Debug|anycpu.ActiveCfg = Debug|anycpu
		{DFFF8520-6491-44E8-AF8E-987EB77BA926}.Debug|anycpu.Build.0 = Debug|anycpu
		{DFFF8520-6491-44E8-AF8E-987EB77BA926}.Release|anycpu.ActiveCfg = Release|anycpu
		{DFFF8520-6491-44E8-AF8E-987EB77BA926}.Release|anycpu.Build.0 = Release|anycpu
	EndGlobalSection
	GlobalSection(SolutionProperties) = preSolution
		HideSolutionNode = FALSE
	EndGlobalSection
	GlobalSection(ExtensibilityGlobals) = postSolution
		SolutionGuid = {0D0A5B5E-7628-412C-BA72-9A0517A821FC}
	EndGlobalSection
EndGlobal
