
Microsoft Visual Studio Solution File, Format Version 12.00
# Visual Studio Version 16
VisualStudioVersion = 16.0.810.25
MinimumVisualStudioVersion = 10.0.40219.1
Project("{FAE04EC0-301F-11D3-BF4B-00C04F79EFBC}") = "Project_16", "Project_16\Project_16.csproj", "{4B8C36BB-9D1E-4B99-BEF7-9675CEBD93DC}"
EndProject
Global
	GlobalSection(SolutionConfigurationPlatforms) = preSolution
		Debug|anycpu = Debug|anycpu
		Release|anycpu = Release|anycpu
	EndGlobalSection
	GlobalSection(ProjectConfigurationPlatforms) = postSolution
		{4B8C36BB-9D1E-4B99-BEF7-9675CEBD93DC}.Debug|anycpu.ActiveCfg = Debug|anycpu
		{4B8C36BB-9D1E-4B99-BEF7-9675CEBD93DC}.Debug|anycpu.Build.0 = Debug|anycpu
		{4B8C36BB-9D1E-4B99-BEF7-9675CEBD93DC}.Release|anycpu.ActiveCfg = Release|anycpu
		{4B8C36BB-9D1E-4B99-BEF7-9675CEBD93DC}.Release|anycpu.Build.0 = Release|anycpu
	EndGlobalSection
	GlobalSection(SolutionProperties) = preSolution
		HideSolutionNode = FALSE
	EndGlobalSection
	GlobalSection(ExtensibilityGlobals) = postSolution
		SolutionGuid = {C3838B06-4B30-4141-A86E-C55EFBEC9246}
	EndGlobalSection
EndGlobal
