
Microsoft Visual Studio Solution File, Format Version 12.00
# Visual Studio Version 16
VisualStudioVersion = 16.0.810.25
MinimumVisualStudioVersion = 10.0.40219.1
Project("{FAE04EC0-301F-11D3-BF4B-00C04F79EFBC}") = "Project_2", "Project_2.csproj", "{3BA6754C-F818-4501-ACD6-002B12C3705E}"
EndProject
Global
	GlobalSection(SolutionConfigurationPlatforms) = preSolution
		Debug|anycpu = Debug|anycpu
		Release|anycpu = Release|anycpu
	EndGlobalSection
	GlobalSection(ProjectConfigurationPlatforms) = postSolution
		{3BA6754C-F818-4501-ACD6-002B12C3705E}.Debug|anycpu.ActiveCfg = Debug|anycpu
		{3BA6754C-F818-4501-ACD6-002B12C3705E}.Debug|anycpu.Build.0 = Debug|anycpu
		{3BA6754C-F818-4501-ACD6-002B12C3705E}.Release|anycpu.ActiveCfg = Release|anycpu
		{3BA6754C-F818-4501-ACD6-002B12C3705E}.Release|anycpu.Build.0 = Release|anycpu
	EndGlobalSection
	GlobalSection(SolutionProperties) = preSolution
		HideSolutionNode = FALSE
	EndGlobalSection
	GlobalSection(ExtensibilityGlobals) = postSolution
		SolutionGuid = {55B76FE3-5C7A-46E9-994C-EF32C71614AC}
	EndGlobalSection
EndGlobal
