
Microsoft Visual Studio Solution File, Format Version 12.00
# Visual Studio Version 16
VisualStudioVersion = 16.0.810.25
MinimumVisualStudioVersion = 10.0.40219.1
Project("{FAE04EC0-301F-11D3-BF4B-00C04F79EFBC}") = "Project_6", "Project_6.csproj", "{0E170798-FA30-45CD-A8E6-CECC63A02E00}"
EndProject
Global
	GlobalSection(SolutionConfigurationPlatforms) = preSolution
		Debug|anycpu = Debug|anycpu
		Release|anycpu = Release|anycpu
	EndGlobalSection
	GlobalSection(ProjectConfigurationPlatforms) = postSolution
		{0E170798-FA30-45CD-A8E6-CECC63A02E00}.Debug|anycpu.ActiveCfg = Debug|anycpu
		{0E170798-FA30-45CD-A8E6-CECC63A02E00}.Debug|anycpu.Build.0 = Debug|anycpu
		{0E170798-FA30-45CD-A8E6-CECC63A02E00}.Release|anycpu.ActiveCfg = Release|anycpu
		{0E170798-FA30-45CD-A8E6-CECC63A02E00}.Release|anycpu.Build.0 = Release|anycpu
	EndGlobalSection
	GlobalSection(SolutionProperties) = preSolution
		HideSolutionNode = FALSE
	EndGlobalSection
	GlobalSection(ExtensibilityGlobals) = postSolution
		SolutionGuid = {D291E36B-BB5C-4AA9-83C0-07855A56B031}
	EndGlobalSection
EndGlobal
