
Microsoft Visual Studio Solution File, Format Version 12.00
# Visual Studio Version 16
VisualStudioVersion = 16.0.810.25
MinimumVisualStudioVersion = 10.0.40219.1
Project("{FAE04EC0-301F-11D3-BF4B-00C04F79EFBC}") = "Project_11", "Project_11.csproj", "{A75358F2-3FF3-452F-9D2A-EB1F6CAE6557}"
EndProject
Global
	GlobalSection(SolutionConfigurationPlatforms) = preSolution
		Debug|anycpu = Debug|anycpu
		Release|anycpu = Release|anycpu
	EndGlobalSection
	GlobalSection(ProjectConfigurationPlatforms) = postSolution
		{A75358F2-3FF3-452F-9D2A-EB1F6CAE6557}.Debug|anycpu.ActiveCfg = Debug|anycpu
		{A75358F2-3FF3-452F-9D2A-EB1F6CAE6557}.Debug|anycpu.Build.0 = Debug|anycpu
		{A75358F2-3FF3-452F-9D2A-EB1F6CAE6557}.Release|anycpu.ActiveCfg = Release|anycpu
		{A75358F2-3FF3-452F-9D2A-EB1F6CAE6557}.Release|anycpu.Build.0 = Release|anycpu
	EndGlobalSection
	GlobalSection(SolutionProperties) = preSolution
		HideSolutionNode = FALSE
	EndGlobalSection
	GlobalSection(ExtensibilityGlobals) = postSolution
		SolutionGuid = {43388E00-1930-4D6F-9124-C8BF2933CD4D}
	EndGlobalSection
EndGlobal
