
Microsoft Visual Studio Solution File, Format Version 12.00
# Visual Studio Version 16
VisualStudioVersion = 16.0.810.25
MinimumVisualStudioVersion = 10.0.40219.1
Project("{FAE04EC0-301F-11D3-BF4B-00C04F79EFBC}") = "Progect_9", "Progect_9.csproj", "{89E95D68-2A8A-42FC-9604-E94775CD7617}"
EndProject
Global
	GlobalSection(SolutionConfigurationPlatforms) = preSolution
		Debug|anycpu = Debug|anycpu
		Release|anycpu = Release|anycpu
	EndGlobalSection
	GlobalSection(ProjectConfigurationPlatforms) = postSolution
		{89E95D68-2A8A-42FC-9604-E94775CD7617}.Debug|anycpu.ActiveCfg = Debug|anycpu
		{89E95D68-2A8A-42FC-9604-E94775CD7617}.Debug|anycpu.Build.0 = Debug|anycpu
		{89E95D68-2A8A-42FC-9604-E94775CD7617}.Release|anycpu.ActiveCfg = Release|anycpu
		{89E95D68-2A8A-42FC-9604-E94775CD7617}.Release|anycpu.Build.0 = Release|anycpu
	EndGlobalSection
	GlobalSection(SolutionProperties) = preSolution
		HideSolutionNode = FALSE
	EndGlobalSection
	GlobalSection(ExtensibilityGlobals) = postSolution
		SolutionGuid = {FB365100-C503-4BEC-A308-74D6F5271686}
	EndGlobalSection
EndGlobal
