
Microsoft Visual Studio Solution File, Format Version 12.00
# Visual Studio 15
Project("{FAE04EC0-301F-11D3-BF4B-00C04F79EFBC}") = "Assembly-CSharp", "Assembly-CSharp.csproj", "{AA15CF62-289C-6621-2D4B-3859E3FB782E}"
EndProject
Global
	GlobalSection(SolutionConfigurationPlatforms) = preSolution
		Debug|Any CPU = Debug|Any CPU
		Release|Any CPU = Release|Any CPU
	EndGlobalSection
	GlobalSection(ProjectConfigurationPlatforms) = postSolution
		{AA15CF62-289C-6621-2D4B-3859E3FB782E}.Debug|Any CPU.ActiveCfg = Debug|Any CPU
		{AA15CF62-289C-6621-2D4B-3859E3FB782E}.Debug|Any CPU.Build.0 = Debug|Any CPU
		{AA15CF62-289C-6621-2D4B-3859E3FB782E}.Release|Any CPU.ActiveCfg = Release|Any CPU
		{AA15CF62-289C-6621-2D4B-3859E3FB782E}.Release|Any CPU.Build.0 = Release|Any CPU
	EndGlobalSection
	GlobalSection(SolutionProperties) = preSolution
		HideSolutionNode = FALSE
	EndGlobalSection
EndGlobal
