
Microsoft Visual Studio Solution File, Format Version 12.00
# Visual Studio 15
Project("{FAE04EC0-301F-11D3-BF4B-00C04F79EFBC}") = "Assembly-CSharp", "Assembly-CSharp.csproj", "{65D0E7E2-9F5F-8A91-AA18-D811FAB5B6BE}"
EndProject
Global
	GlobalSection(SolutionConfigurationPlatforms) = preSolution
		Debug|Any CPU = Debug|Any CPU
		Release|Any CPU = Release|Any CPU
	EndGlobalSection
	GlobalSection(ProjectConfigurationPlatforms) = postSolution
		{65D0E7E2-9F5F-8A91-AA18-D811FAB5B6BE}.Debug|Any CPU.ActiveCfg = Debug|Any CPU
		{65D0E7E2-9F5F-8A91-AA18-D811FAB5B6BE}.Debug|Any CPU.Build.0 = Debug|Any CPU
		{65D0E7E2-9F5F-8A91-AA18-D811FAB5B6BE}.Release|Any CPU.ActiveCfg = Release|Any CPU
		{65D0E7E2-9F5F-8A91-AA18-D811FAB5B6BE}.Release|Any CPU.Build.0 = Release|Any CPU
	EndGlobalSection
	GlobalSection(SolutionProperties) = preSolution
		HideSolutionNode = FALSE
	EndGlobalSection
EndGlobal
