
Microsoft Visual Studio Solution File, Format Version 12.00
# Visual Studio Version 16
VisualStudioVersion = 16.0.810.25
MinimumVisualStudioVersion = 10.0.40219.1
Project("{FAE04EC0-301F-11D3-BF4B-00C04F79EFBC}") = "Project_7", "Project_7.csproj", "{FBE6F29A-9B50-4754-91F0-AC15A61CDF96}"
EndProject
Global
	GlobalSection(SolutionConfigurationPlatforms) = preSolution
		Debug|anycpu = Debug|anycpu
		Release|anycpu = Release|anycpu
	EndGlobalSection
	GlobalSection(ProjectConfigurationPlatforms) = postSolution
		{FBE6F29A-9B50-4754-91F0-AC15A61CDF96}.Debug|anycpu.ActiveCfg = Debug|anycpu
		{FBE6F29A-9B50-4754-91F0-AC15A61CDF96}.Debug|anycpu.Build.0 = Debug|anycpu
		{FBE6F29A-9B50-4754-91F0-AC15A61CDF96}.Release|anycpu.ActiveCfg = Release|anycpu
		{FBE6F29A-9B50-4754-91F0-AC15A61CDF96}.Release|anycpu.Build.0 = Release|anycpu
	EndGlobalSection
	GlobalSection(SolutionProperties) = preSolution
		HideSolutionNode = FALSE
	EndGlobalSection
	GlobalSection(ExtensibilityGlobals) = postSolution
		SolutionGuid = {A17B0CA1-7670-4909-9BC6-49CC7457F547}
	EndGlobalSection
EndGlobal
