
Microsoft Visual Studio Solution File, Format Version 12.00
# Visual Studio Version 16
VisualStudioVersion = 16.0.810.25
MinimumVisualStudioVersion = 10.0.40219.1
Project("{FAE04EC0-301F-11D3-BF4B-00C04F79EFBC}") = "Project_19", "Project_19\Project_19.csproj", "{18DAE2DA-0035-4381-9914-0A8FEC8E0E95}"
EndProject
Global
	GlobalSection(SolutionConfigurationPlatforms) = preSolution
		Debug|anycpu = Debug|anycpu
		Release|anycpu = Release|anycpu
	EndGlobalSection
	GlobalSection(ProjectConfigurationPlatforms) = postSolution
		{18DAE2DA-0035-4381-9914-0A8FEC8E0E95}.Debug|anycpu.ActiveCfg = Debug|anycpu
		{18DAE2DA-0035-4381-9914-0A8FEC8E0E95}.Debug|anycpu.Build.0 = Debug|anycpu
		{18DAE2DA-0035-4381-9914-0A8FEC8E0E95}.Release|anycpu.ActiveCfg = Release|anycpu
		{18DAE2DA-0035-4381-9914-0A8FEC8E0E95}.Release|anycpu.Build.0 = Release|anycpu
	EndGlobalSection
	GlobalSection(SolutionProperties) = preSolution
		HideSolutionNode = FALSE
	EndGlobalSection
	GlobalSection(ExtensibilityGlobals) = postSolution
		SolutionGuid = {3269EB31-0C56-4E25-B29D-EAF19047A90C}
	EndGlobalSection
EndGlobal
